
Microsoft Visual Studio Solution File, Format Version 12.00
# Visual Studio Version 16
VisualStudioVersion = 16.0.30517.126
MinimumVisualStudioVersion = 10.0.40219.1
Project("{FAE04EC0-301F-11D3-BF4B-00C04F79EFBC}") = "Assignment", "Assignment\Assignment.csproj", "{B29F5C90-131D-4364-92F7-9A9653B46D55}"
EndProject
Project("{FAE04EC0-301F-11D3-BF4B-00C04F79EFBC}") = "Assignment.Test", "Assignment.Test\Assignment.Test.csproj", "{111471B8-2FA1-4A1B-A1D3-2AC68FD3CA9D}"
EndProject
Global
	GlobalSection(SolutionConfigurationPlatforms) = preSolution
		Debug|Any CPU = Debug|Any CPU
		Release|Any CPU = Release|Any CPU
	EndGlobalSection
	GlobalSection(ProjectConfigurationPlatforms) = postSolution
		{B29F5C90-131D-4364-92F7-9A9653B46D55}.Debug|Any CPU.ActiveCfg = Debug|Any CPU
		{B29F5C90-131D-4364-92F7-9A9653B46D55}.Debug|Any CPU.Build.0 = Debug|Any CPU
		{B29F5C90-131D-4364-92F7-9A9653B46D55}.Release|Any CPU.ActiveCfg = Release|Any CPU
		{B29F5C90-131D-4364-92F7-9A9653B46D55}.Release|Any CPU.Build.0 = Release|Any CPU
		{111471B8-2FA1-4A1B-A1D3-2AC68FD3CA9D}.Debug|Any CPU.ActiveCfg = Debug|Any CPU
		{111471B8-2FA1-4A1B-A1D3-2AC68FD3CA9D}.Debug|Any CPU.Build.0 = Debug|Any CPU
		{111471B8-2FA1-4A1B-A1D3-2AC68FD3CA9D}.Release|Any CPU.ActiveCfg = Release|Any CPU
		{111471B8-2FA1-4A1B-A1D3-2AC68FD3CA9D}.Release|Any CPU.Build.0 = Release|Any CPU
	EndGlobalSection
	GlobalSection(SolutionProperties) = preSolution
		HideSolutionNode = FALSE
	EndGlobalSection
	GlobalSection(ExtensibilityGlobals) = postSolution
		SolutionGuid = {2445FCB5-4E66-4732-925F-50A85F5DDE97}
	EndGlobalSection
EndGlobal
